
Microsoft Visual Studio Solution File, Format Version 12.00
# Visual Studio Version 17
VisualStudioVersion = 17.3.32901.215
MinimumVisualStudioVersion = 10.0.40219.1
Project("{FAE04EC0-301F-11D3-BF4B-00C04F79EFBC}") = "NetRemoting", "NetRemoting\NetRemoting.csproj", "{DCBF97B3-E8E9-4D88-8B3B-F4582D5FDD8E}"
EndProject
Project("{FAE04EC0-301F-11D3-BF4B-00C04F79EFBC}") = "Server_obj", "Server_obj\Server_obj.csproj", "{FEEF9AC0-50EB-4111-82C9-431DB6D1629A}"
EndProject
Project("{FAE04EC0-301F-11D3-BF4B-00C04F79EFBC}") = "Udal_obj", "Udal_obj\Udal_obj.csproj", "{BAA557E6-7EBC-4462-954A-2133B2D8D1B2}"
EndProject
Project("{FAE04EC0-301F-11D3-BF4B-00C04F79EFBC}") = "Client", "Client\Client.csproj", "{5F718FFD-34E0-4F30-A2B0-378E3110EA58}"
EndProject
Global
	GlobalSection(SolutionConfigurationPlatforms) = preSolution
		Debug|Any CPU = Debug|Any CPU
		Release|Any CPU = Release|Any CPU
	EndGlobalSection
	GlobalSection(ProjectConfigurationPlatforms) = postSolution
		{DCBF97B3-E8E9-4D88-8B3B-F4582D5FDD8E}.Debug|Any CPU.ActiveCfg = Debug|Any CPU
		{DCBF97B3-E8E9-4D88-8B3B-F4582D5FDD8E}.Debug|Any CPU.Build.0 = Debug|Any CPU
		{DCBF97B3-E8E9-4D88-8B3B-F4582D5FDD8E}.Release|Any CPU.ActiveCfg = Release|Any CPU
		{DCBF97B3-E8E9-4D88-8B3B-F4582D5FDD8E}.Release|Any CPU.Build.0 = Release|Any CPU
		{FEEF9AC0-50EB-4111-82C9-431DB6D1629A}.Debug|Any CPU.ActiveCfg = Debug|Any CPU
		{FEEF9AC0-50EB-4111-82C9-431DB6D1629A}.Debug|Any CPU.Build.0 = Debug|Any CPU
		{FEEF9AC0-50EB-4111-82C9-431DB6D1629A}.Release|Any CPU.ActiveCfg = Release|Any CPU
		{FEEF9AC0-50EB-4111-82C9-431DB6D1629A}.Release|Any CPU.Build.0 = Release|Any CPU
		{BAA557E6-7EBC-4462-954A-2133B2D8D1B2}.Debug|Any CPU.ActiveCfg = Debug|Any CPU
		{BAA557E6-7EBC-4462-954A-2133B2D8D1B2}.Debug|Any CPU.Build.0 = Debug|Any CPU
		{BAA557E6-7EBC-4462-954A-2133B2D8D1B2}.Release|Any CPU.ActiveCfg = Release|Any CPU
		{BAA557E6-7EBC-4462-954A-2133B2D8D1B2}.Release|Any CPU.Build.0 = Release|Any CPU
		{5F718FFD-34E0-4F30-A2B0-378E3110EA58}.Debug|Any CPU.ActiveCfg = Debug|Any CPU
		{5F718FFD-34E0-4F30-A2B0-378E3110EA58}.Debug|Any CPU.Build.0 = Debug|Any CPU
		{5F718FFD-34E0-4F30-A2B0-378E3110EA58}.Release|Any CPU.ActiveCfg = Release|Any CPU
		{5F718FFD-34E0-4F30-A2B0-378E3110EA58}.Release|Any CPU.Build.0 = Release|Any CPU
	EndGlobalSection
	GlobalSection(SolutionProperties) = preSolution
		HideSolutionNode = FALSE
	EndGlobalSection
	GlobalSection(ExtensibilityGlobals) = postSolution
		SolutionGuid = {0FEA9E66-9095-47A0-A93D-9D60125A7A86}
	EndGlobalSection
EndGlobal
